
Microsoft Visual Studio Solution File, Format Version 12.00
# Visual Studio Version 17
VisualStudioVersion = 17.1.32421.90
MinimumVisualStudioVersion = 10.0.40219.1
Project("{FAE04EC0-301F-11D3-BF4B-00C04F79EFBC}") = "AdaptFileNames", "AdaptFileNames.csproj", "{C730E43B-9E33-4B70-B86D-9245B7BE371A}"
EndProject
Global
	GlobalSection(SolutionConfigurationPlatforms) = preSolution
		Debug|x64 = Debug|x64
	EndGlobalSection
	GlobalSection(ProjectConfigurationPlatforms) = postSolution
		{C730E43B-9E33-4B70-B86D-9245B7BE371A}.Debug|x64.ActiveCfg = Debug|x64
		{C730E43B-9E33-4B70-B86D-9245B7BE371A}.Debug|x64.Build.0 = Debug|x64
	EndGlobalSection
	GlobalSection(SolutionProperties) = preSolution
		HideSolutionNode = FALSE
	EndGlobalSection
	GlobalSection(ExtensibilityGlobals) = postSolution
		SolutionGuid = {713DA6F8-E0B3-432E-BEE8-053A0E505EEB}
	EndGlobalSection
EndGlobal
